# This file is automatically @generated by Poetry 2.5.1 and should not be changed by hand.

[[package]]
name = "dnspython"
version = "2.8.0"
description = "DNS toolkit"
optional = false
python-versions = ">=3.10"
groups = ["main"]
files = [
    {file = "dnspython-2.8.0-py3-none-any.whl", hash = "sha256:01d9bbc4a2d76bf0db7c1f729812ded6d912bd318d3b1cf81d30c0f845dbf3af"},
    {file = "dnspython-2.8.0.tar.gz", hash = "sha256:181d3c6996452cb1189c4046c61599b84a5a86e099562ffde77d26984ff26d0f"},
]

[package.extras]
dev = ["black (>=25.1.0)", "coverage (>=7.0)", "flake8 (>=7)", "hypercorn (>=0.17.0)", "mypy (>=1.17)", "pylint (>=3)", "pytest (>=8.4)", "pytest-cov (>=6.2.0)", "quart-trio (>=0.12.0)", "sphinx (>=8.2.0)", "sphinx-rtd-theme (>=3.0.0)", "twine (>=6.1.0)", "wheel (>=0.45.0)"]
dnssec = ["cryptography (>=45)"]
doh = ["h2 (>=4.2.0)", "httpcore (>=1.0.0)", "httpx (>=0.28.0)"]
doq = ["aioquic (>=1.2.0)"]
idna = ["idna (>=3.10)"]
trio = ["trio (>=0.30)"]
wmi = ["wmi (>=1.5.1) ; platform_system == \"Windows\""]

[[package]]
name = "pymongo"
version = "4.18.1"
description = "PyMongo - the Official MongoDB Python driver"
optional = false
python-versions = ">=3.9"
groups = ["main"]
files = [
    {file = "pymongo-4.18.1-cp310-cp310-macosx_10_9_x86_64.whl", hash = "sha256:054b0ba7c5f1c6ddeee058ae808d7aafab1b2d2278d81e70d8a81fbff8d85e0b"},
    {file = "pymongo-4.18.1-cp310-cp310-macosx_11_0_arm64.whl", hash = "sha256:d5893f41e2832cba8674f3b6cf22d39c0d432d80b7d55ad8ddc3dd1a83a1bf12"},
    {file = "pymongo-4.18.1-cp310-cp310-manylinux1_i686.manylinux_2_28_i686.manylinux_2_5_i686.whl", hash = "sha256:2a8fa93a1163a0ee54ff7e2c5c9dcbbcdc5097587ff95d085cf21ddc13c660a2"},
    {file = "pymongo-4.18.1-cp310-cp310-manylinux2014_aarch64.manylinux_2_17_aarch64.manylinux_2_28_aarch64.whl", hash = "sha256:9b97f849c86bd2ac7ce444275647472f8169022352f8c4df2dd002ed6ca1ff58"},
    {file = "pymongo-4.18.1-cp310-cp310-manylinux2014_ppc64le.manylinux_2_17_ppc64le.manylinux_2_28_ppc64le.whl", hash = "sha256:6efa17c81f431c3061856b29bcb329f8a15200d56c15796720ba89767409cc7a"},
    {file = "pymongo-4.18.1-cp310-cp310-manylinux2014_s390x.manylinux_2_17_s390x.manylinux_2_28_s390x.whl", hash = "sha256:2978698a30e8384abbc37ee0095a9d1c6e9d91462aacb0ac1ec4d6b672a2c478"},
    {file = "pymongo-4.18.1-cp310-cp310-manylinux2014_x86_64.manylinux_2_17_x86_64.manylinux_2_28_x86_64.whl", hash = "sha256:06d7c9f6388552b1c2b6ba6ea9f60bce1d4cc9c6f5c5e5d103fee7cdd20bdcdb"},
    {file = "pymongo-4.18.1-cp310-cp310-win32.whl", hash = "sha256:84b5683b644a6123fc37a1d3bb1dda5acc5a855823b044232b1957ff1c31a049"},
    {file = "pymongo-4.18.1-cp310-cp310-win_amd64.whl", hash = "sha256:2e50d92eab42a417d503556c9f8e03240dddaa21ea343c4b654d714e9928711d"},
    {file = "pymongo-4.18.1-cp310-cp310-win_arm64.whl", hash = "sha256:97e45de5402a3fa63e010e16f5fe00d38f31ff66291a2352aa0d254bbcf2119a"},
    {file = "pymongo-4.18.1-cp311-cp311-macosx_10_9_x86_64.whl", hash = "sha256:618cab1b693ef0561fb7682ecf1f6044da1fefac0d96efc2e2f19b939f276e9f"},
    {file = "pymongo-4.18.1-cp311-cp311-macosx_11_0_arm64.whl", hash = "sha256:dbfed8f6b312c6c110495d6ead2b0da1252cc7bd01029700f08e336036f023ee"},
    {file = "pymongo-4.18.1-cp311-cp311-manylinux1_i686.manylinux_2_28_i686.manylinux_2_5_i686.whl", hash = "sha256:d3f7e608db9a9dcdfb1f97cfec19642bc912f85d3b7a9550c4431c7c87ebe672"},
    {file = "pymongo-4.18.1-cp311-cp311-manylinux2014_aarch64.manylinux_2_17_aarch64.manylinux_2_28_aarch64.whl", hash = "sha256:2c8e113867a9ad1eb1c28d2c21fbc896dac1d8a246be802151ea37d801233c73"},
    {file = "pymongo-4.18.1-cp311-cp311-manylinux2014_ppc64le.manylinux_2_17_ppc64le.manylinux_2_28_ppc64le.whl", hash = "sha256:1c3af67eeff3994ecbe63c711f76e6eb6a7212bc92c3e89f220ba9addd24e1c1"},
    {file = "pymongo-4.18.1-cp311-cp311-manylinux2014_s390x.manylinux_2_17_s390x.manylinux_2_28_s390x.whl", hash = "sha256:060e3494e7db52bc08bf27b5d7e1920a15b953d649f10c7c71dd68b4a2dac564"},
    {file = "pymongo-4.18.1-cp311-cp311-manylinux2014_x86_64.manylinux_2_17_x86_64.manylinux_2_28_x86_64.whl", hash = "sha256:bb327d3555ac4fbd0da657ea3741812b3a1e61e4603bd121298381f5ff5ac396"},
    {file = "pymongo-4.18.1-cp311-cp311-win32.whl", hash = "sha256:200d873d4972bbc136831a489fbad7631c63503212711b5206037ef8792f1ac8"},
    {file = "pymongo-4.18.1-cp311-cp311-win_amd64.whl", hash = "sha256:afe2b10be8aee035644e5559af5fc54c290365cd4e5e38e657aa119b8e9acccc"},
    {file = "pymongo-4.18.1-cp311-cp311-win_arm64.whl", hash = "sha256:7c830b5fdf2d0db8e217a12e076c7e9d2ba25e17ac6b6c7169324bbd63800ab7"},
    {file = "pymongo-4.18.1-cp312-cp312-macosx_10_13_x86_64.whl", hash = "sha256:2869a54f0be27fc4dbc5967e5dc30b29328916925f0c704aa75e74c4349fc79b"},
    {file = "pymongo-4.18.1-cp312-cp312-macosx_11_0_arm64.whl", hash = "sha256:58a70d491d872b64b0797581bb5f713965cdb822a5f52627869c3e99c1363021"},
    {file = "pymongo-4.18.1-cp312-cp312-manylinux1_i686.manylinux_2_28_i686.manylinux_2_5_i686.whl", hash = "sha256:3275caec57b76b9e4948c677491d9d5771bf1748afac3d2d7e3242067e264571"},
    {file = "pymongo-4.18.1-cp312-cp312-manylinux2014_aarch64.manylinux_2_17_aarch64.manylinux_2_28_aarch64.whl", hash = "sha256:4f3625ade4a66327a7ffd7a5742be1b2f15fae5399d2c394d79709420c1482b8"},
    {file = "pymongo-4.18.1-cp312-cp312-manylinux2014_ppc64le.manylinux_2_17_ppc64le.manylinux_2_28_ppc64le.whl", hash = "sha256:905de2265c70365354f920227c9642cd33891a4b077a8f13b190665a51567c9d"},
    {file = "pymongo-4.18.1-cp312-cp312-manylinux2014_s390x.manylinux_2_17_s390x.manylinux_2_28_s390x.whl", hash = "sha256:2653a7df66ac73c18cd0aead309e5585805a432d332efe242540d5e78b01036c"},
    {file = "pymongo-4.18.1-cp312-cp312-manylinux2014_x86_64.manylinux_2_17_x86_64.manylinux_2_28_x86_64.whl", hash = "sha256:438171ed19d62a1756db397ee5ba61429d6e9811188394f5aa775a0738327554"},
    {file = "pymongo-4.18.1-cp312-cp312-win32.whl", hash = "sha256:26128b99e50840597431a9c6b01641a225fd5636474d230ec5e174d00a0feb55"},
    {file = "pymongo-4.18.1-cp312-cp312-win_amd64.whl", hash = "sha256:f267d11333ecb19af9b30458fc14e71f2adb131bde0b3a4fe6f63be7ea9a5e6a"},
    {file = "pymongo-4.18.1-cp312-cp312-win_arm64.whl", hash = "sha256:46740b56e206d4703ac7aad05c9a72177c16854c6364bec4cd3b55d0e79a1adf"},
    {file = "pymongo-4.18.1-cp313-cp313-macosx_10_13_x86_64.whl", hash = "sha256:4a787cd29b6bc5735ced10aba4ec052d4ef2d2a82b4875efa8539ecd635e720b"},
    {file = "pymongo-4.18.1-cp313-cp313-macosx_11_0_arm64.whl", hash = "sha256:d1e63d2f8770f0cfb74c7c3fbe35c6b2828f27a16395a7c4019c81451e61489e"},
    {file = "pymongo-4.18.1-cp313-cp313-manylinux1_i686.manylinux_2_28_i686.manylinux_2_5_i686.whl", hash = "sha256:305877cd97e4344fde699c8721e4cc9890a689990bd1a1783eb5d0946e093d13"},
    {file = "pymongo-4.18.1-cp313-cp313-manylinux2014_aarch64.manylinux_2_17_aarch64.manylinux_2_28_aarch64.whl", hash = "sha256:fbef9ef64cdae97e85b27cf00e203a26a016f7c803dc9bd0ccd48b3adade1232"},
    {file = "pymongo-4.18.1-cp313-cp313-manylinux2014_ppc64le.manylinux_2_17_ppc64le.manylinux_2_28_ppc64le.whl", hash = "sha256:f0a6b59282941d2f6f62acf35fb75bae371d3194ab041f0358446668f9df10be"},
    {file = "pymongo-4.18.1-cp313-cp313-manylinux2014_s390x.manylinux_2_17_s390x.manylinux_2_28_s390x.whl", hash = "sha256:1eaed0c72bba39fa42e6167636d56587e30cdab13ec3178a68ac85bee093d44b"},
    {file = "pymongo-4.18.1-cp313-cp313-manylinux2014_x86_64.manylinux_2_17_x86_64.manylinux_2_28_x86_64.whl", hash = "sha256:55309ea9f6d8f697618f12f1ea2b643f26df434de043cd5de6f96426093011b3"},
    {file = "pymongo-4.18.1-cp313-cp313-win32.whl", hash = "sha256:4ebb5a6a42a1512a86f774ca517b4b56aacd0ccbde535d787cfd9789c5905e2a"},
    {file = "pymongo-4.18.1-cp313-cp313-win_amd64.whl", hash = "sha256:1a78dec1c10eaae298aefc6cd7ad916ca2ceeb51f8ff7946dddbca97adf9ed0c"},
    {file = "pymongo-4.18.1-cp313-cp313-win_arm64.whl", hash = "sha256:aff3582edd807980e0f910cc20b3f588b8c5533556b0aeb3f33d88c7681f9b21"},
    {file = "pymongo-4.18.1-cp314-cp314-macosx_10_15_x86_64.whl", hash = "sha256:67d56552a940d3553024fdf39535975c4de2ff5b82cf20287ba1ffef028f004b"},
    {file = "pymongo-4.18.1-cp314-cp314-macosx_11_0_arm64.whl", hash = "sha256:ae18db68105a0ba7adc190a13cbd73e6c87593bc55a336719f70ad042aa66aaf"},
    {file = "pymongo-4.18.1-cp314-cp314-manylinux1_i686.manylinux_2_28_i686.manylinux_2_5_i686.whl", hash = "sha256:4541273796aa3022b39de892e265aac4a437adcc6e4894396c23258d990f8c97"},
    {file = "pymongo-4.18.1-cp314-cp314-manylinux2014_aarch64.manylinux_2_17_aarch64.manylinux_2_28_aarch64.whl", hash = "sha256:0c3f52a1a793262ef1af15b36535220d194b3ad5ce7564f98c15f3881ffbc269"},
    {file = "pymongo-4.18.1-cp314-cp314-manylinux2014_ppc64le.manylinux_2_17_ppc64le.manylinux_2_28_ppc64le.whl", hash = "sha256:ab33db087dc52f8f28bdb8680682ebc8fc5fb0be84e89a0853a8dc059fcc06a8"},
    {file = "pymongo-4.18.1-cp314-cp314-manylinux2014_s390x.manylinux_2_17_s390x.manylinux_2_28_s390x.whl", hash = "sha256:173a69caa539731284a815ee2fd616442431d12e8c84d970f3cc555d9ac5ef81"},
    {file = "pymongo-4.18.1-cp314-cp314-manylinux2014_x86_64.manylinux_2_17_x86_64.manylinux_2_28_x86_64.whl", hash = "sha256:8b46ef2de0b077a2c708790e9ced5c8afb5b9deef1cacba28e8d9a90027e86d2"},
    {file = "pymongo-4.18.1-cp314-cp314-win32.whl", hash = "sha256:d9be9221bf2db1562d490bb67522ce2f7378513bc8bcc157e824a0bb3d87eba0"},
    {file = "pymongo-4.18.1-cp314-cp314-win_amd64.whl", hash = "sha256:134a8f787360c3cea18cbbc126bf51cd233f1789db8099f7081ace5b1cff7e22"},
    {file = "pymongo-4.18.1-cp314-cp314-win_arm64.whl", hash = "sha256:088e78ab7340d7ab4c14cd7a96852f9ea3b51c25fc9fb02244715d21f57ec2e5"},
    {file = "pymongo-4.18.1-cp314-cp314t-macosx_10_15_x86_64.whl", hash = "sha256:9bf92d46b15fb8fcfcd517442b0b90055924d835fef77e574ff4678b40be49ce"},
    {file = "pymongo-4.18.1-cp314-cp314t-macosx_11_0_arm64.whl", hash = "sha256:58c3392585c5823ad90e318b6e7c0fb0709763631fb06d81de45166a1844ea18"},
    {file = "pymongo-4.18.1-cp314-cp314t-manylinux1_i686.manylinux_2_28_i686.manylinux_2_5_i686.whl", hash = "sha256:4b8f7b212ab86552db2f35b2779cc290561a341b73fba1ab1030ed9d48e1b1e5"},
    {file = "pymongo-4.18.1-cp314-cp314t-manylinux2014_aarch64.manylinux_2_17_aarch64.manylinux_2_28_aarch64.whl", hash = "sha256:b2ef166249993afd94b704bd25af27104fccb259580960a41355f8d7869496ed"},
    {file = "pymongo-4.18.1-cp314-cp314t-manylinux2014_ppc64le.manylinux_2_17_ppc64le.manylinux_2_28_ppc64le.whl", hash = "sha256:adebc03de2d1520bb163953361779288316e4e9c4b66fe4ce9e91d4183e313b8"},
    {file = "pymongo-4.18.1-cp314-cp314t-manylinux2014_s390x.manylinux_2_17_s390x.manylinux_2_28_s390x.whl", hash = "sha256:a9ae9c28e6c290c2524c3288a0a6e27dca958daeeaba2f36a6a4ee97c44e5f49"},
    {file = "pymongo-4.18.1-cp314-cp314t-manylinux2014_x86_64.manylinux_2_17_x86_64.manylinux_2_28_x86_64.whl", hash = "sha256:5907ccdcc2f7925100b4bed8069acd0d93156e5cf013a8e15aa5932819ce3d5e"},
    {file = "pymongo-4.18.1-cp314-cp314t-win32.whl", hash = "sha256:9da74b79e382bb37311b9bd5beb89f1369a1c3e27e7c97bae79661cfdf3893aa"},
    {file = "pymongo-4.18.1-cp314-cp314t-win_amd64.whl", hash = "sha256:016d21e7fbf55ac89f419daa48da95314896205d902ed9aa4058f26a436e789c"},
    {file = "pymongo-4.18.1-cp314-cp314t-win_arm64.whl", hash = "sha256:960c61ed86a316d3636b1f184006d3cc2b972b8546186ae8e2c8324e397632ff"},
    {file = "pymongo-4.18.1-cp39-cp39-macosx_10_9_x86_64.whl", hash = "sha256:2a4f25e078e36dfc3bd4c933c5665dfb2374f794e2aa68601e98181372f59714"},
    {file = "pymongo-4.18.1-cp39-cp39-macosx_11_0_arm64.whl", hash = "sha256:bfc19d3f4e095f354dac1389ef099376a6ee9394b3259f6281c9e68f85ccc029"},
    {file = "pymongo-4.18.1-cp39-cp39-manylinux1_i686.manylinux_2_28_i686.manylinux_2_5_i686.whl", hash = "sha256:e99d8a30d3043a3daa2e75d80ab99283472ecbd98fc5b4e4c1cd79dd285a9748"},
    {file = "pymongo-4.18.1-cp39-cp39-manylinux2014_aarch64.manylinux_2_17_aarch64.manylinux_2_28_aarch64.whl", hash = "sha256:5da669d4ff5068c4b056ad7a43cb02620c285bef054c3577b65a4b51289ea512"},
    {file = "pymongo-4.18.1-cp39-cp39-manylinux2014_ppc64le.manylinux_2_17_ppc64le.manylinux_2_28_ppc64le.whl", hash = "sha256:ba651c604fee5bbb7021b79dd73da12e834c661a449a2d6140f4574e6e3a897e"},
    {file = "pymongo-4.18.1-cp39-cp39-manylinux2014_s390x.manylinux_2_17_s390x.manylinux_2_28_s390x.whl", hash = "sha256:98b99909ae51e8f61dcad4ef125b204fa3d0a493567253b0dd8f666d706fbffb"},
    {file = "pymongo-4.18.1-cp39-cp39-manylinux2014_x86_64.manylinux_2_17_x86_64.manylinux_2_28_x86_64.whl", hash = "sha256:70da34fc21099c084741c6318c435e1358db8f4492668b5ad21d8c5d146b0741"},
    {file = "pymongo-4.18.1-cp39-cp39-win32.whl", hash = "sha256:941ec8fc2d32e88c3603c36ccfd2f7fc44f89d31519ca1388615257b634f68f3"},
    {file = "pymongo-4.18.1-cp39-cp39-win_amd64.whl", hash = "sha256:ea4b0017c24695404848570c4001ea34756f0c4739042e49f02cf0b8fb7e3a47"},
    {file = "pymongo-4.18.1-cp39-cp39-win_arm64.whl", hash = "sha256:a9a4f4638b038bfc2cc787aaefd390ee6617985dab6745b7969261e30ce167bd"},
    {file = "pymongo-4.18.1.tar.gz", hash = "sha256:d04134ff4ea0e7d14b6e2ef23dbfe06112a99318c9578b213d2dee9060b23dce"},
]

[package.dependencies]
dnspython = ">=2.7.0,<3.0.0"

[package.extras]
aws = ["pymongo-auth-aws (>=1.3.0,<2.0.0)"]
docs = ["furo (==2025.12.19)", "readthedocs-sphinx-search (>=0.3,<1.0)", "sphinx (>=5.3,<9)", "sphinx-autobuild (>=2024.10.3)", "sphinx-rtd-theme (>=3.1.0,<4)", "sphinxcontrib-shellcheck (>=1.1.2,<2)"]
encryption = ["certifi (>=2023.7.22) ; os_name == \"nt\" or sys_platform == \"darwin\"", "pymongo-auth-aws (>=1.3.0,<2.0.0)", "pymongocrypt (>=1.18.1,<2.0.0)"]
gssapi = ["pykerberos (>=1.2.4) ; os_name != \"nt\"", "winkerberos (>=0.12.2) ; os_name == \"nt\""]
ocsp = ["certifi (>=2023.7.22) ; os_name == \"nt\" or sys_platform == \"darwin\"", "cryptography (>=47.0.0)", "pyopenssl (>=26.2.0)", "requests (>=2.23.0,<3.0)", "service-identity (>=24.2.0)"]
snappy = ["python-snappy (>=0.7.3)"]
test = ["importlib-metadata (>=7.0) ; python_version < \"3.13\"", "pytest (>=8.2)", "pytest-asyncio (>=0.24.0)"]
zstd = ["backports-zstd (>=1.0.0) ; python_version < \"3.14\""]

[[package]]
name = "python-dotenv"
version = "1.2.3"
description = "Read key-value pairs from a .env file and set them as environment variables"
optional = false
python-versions = ">=3.10"
groups = ["main"]
files = [
    {file = "python_dotenv-1.2.3-py3-none-any.whl", hash = "sha256:904552145e8bfed22162c09dab1c2b9b54fefa7b23ba780f4f26ca0316b0f0d9"},
    {file = "python_dotenv-1.2.3.tar.gz", hash = "sha256:a20a594dabeaa385725aa239d5244871c143ecb356add8a20fcf23773a6c3a35"},
]

[package.extras]
cli = ["click (>=5.0)"]

[metadata]
lock-version = "2.1"
python-versions = ">=3.14"
content-hash = "25e442298ea468887c853ef44928b95947177f09eca9d279eae91a4f848cb05f"
